
Microsoft Visual Studio Solution File, Format Version 12.00
Project("{FAE04EC0-301F-11D3-BF4B-00C04F79EFBC}") = "USTest.BLL", "USTest.BLL\USTest.BLL.csproj", "{404DCCF1-775B-4664-996C-3718FBAF40FF}"
EndProject
Project("{FAE04EC0-301F-11D3-BF4B-00C04F79EFBC}") = "USTest.Common", "USTest.Common\USTest.Common.csproj", "{F1FA8572-49D8-4F69-9511-B18D2049C8F0}"
EndProject
Project("{FAE04EC0-301F-11D3-BF4B-00C04F79EFBC}") = "USTest.WebAPI", "USTest.WebAPI\USTest.WebAPI.csproj", "{843B1D9C-3942-4E53-A253-2F71E6779F23}"
EndProject
Global
	GlobalSection(SolutionConfigurationPlatforms) = preSolution
		Debug|Any CPU = Debug|Any CPU
		Release|Any CPU = Release|Any CPU
	EndGlobalSection
	GlobalSection(ProjectConfigurationPlatforms) = postSolution
		{404DCCF1-775B-4664-996C-3718FBAF40FF}.Debug|Any CPU.ActiveCfg = Debug|Any CPU
		{404DCCF1-775B-4664-996C-3718FBAF40FF}.Debug|Any CPU.Build.0 = Debug|Any CPU
		{404DCCF1-775B-4664-996C-3718FBAF40FF}.Release|Any CPU.ActiveCfg = Release|Any CPU
		{404DCCF1-775B-4664-996C-3718FBAF40FF}.Release|Any CPU.Build.0 = Release|Any CPU
		{F1FA8572-49D8-4F69-9511-B18D2049C8F0}.Debug|Any CPU.ActiveCfg = Debug|Any CPU
		{F1FA8572-49D8-4F69-9511-B18D2049C8F0}.Debug|Any CPU.Build.0 = Debug|Any CPU
		{F1FA8572-49D8-4F69-9511-B18D2049C8F0}.Release|Any CPU.ActiveCfg = Release|Any CPU
		{F1FA8572-49D8-4F69-9511-B18D2049C8F0}.Release|Any CPU.Build.0 = Release|Any CPU
		{843B1D9C-3942-4E53-A253-2F71E6779F23}.Debug|Any CPU.ActiveCfg = Debug|Any CPU
		{843B1D9C-3942-4E53-A253-2F71E6779F23}.Debug|Any CPU.Build.0 = Debug|Any CPU
		{843B1D9C-3942-4E53-A253-2F71E6779F23}.Release|Any CPU.ActiveCfg = Release|Any CPU
		{843B1D9C-3942-4E53-A253-2F71E6779F23}.Release|Any CPU.Build.0 = Release|Any CPU
	EndGlobalSection
EndGlobal
